
Microsoft Visual Studio Solution File, Format Version 12.00
# Visual Studio Version 17
VisualStudioVersion = 17.1.32407.343
MinimumVisualStudioVersion = 10.0.40219.1
Project("{9A19103F-16F7-4668-BE54-9A1E7A4F7556}") = "Capsaicin.VisitorPatternGenerator", "Capsaicin.VisitorPatternGenerator\Capsaicin.VisitorPatternGenerator.csproj", "{544A18D9-88CD-4EB8-9749-558096F21ABF}"
EndProject
Project("{FAE04EC0-301F-11D3-BF4B-00C04F79EFBC}") = "Capsaicin.VisitorPatternGenerator.Example", "Capsaicin.VisitorPatternGenerator.Example\Capsaicin.VisitorPatternGenerator.Example.csproj", "{7B617212-4327-44FF-8CDC-92299CE25281}"
EndProject
Global
	GlobalSection(SolutionConfigurationPlatforms) = preSolution
		Debug|Any CPU = Debug|Any CPU
		Release|Any CPU = Release|Any CPU
	EndGlobalSection
	GlobalSection(ProjectConfigurationPlatforms) = postSolution
		{544A18D9-88CD-4EB8-9749-558096F21ABF}.Debug|Any CPU.ActiveCfg = Debug|Any CPU
		{544A18D9-88CD-4EB8-9749-558096F21ABF}.Debug|Any CPU.Build.0 = Debug|Any CPU
		{544A18D9-88CD-4EB8-9749-558096F21ABF}.Release|Any CPU.ActiveCfg = Release|Any CPU
		{544A18D9-88CD-4EB8-9749-558096F21ABF}.Release|Any CPU.Build.0 = Release|Any CPU
		{7B617212-4327-44FF-8CDC-92299CE25281}.Debug|Any CPU.ActiveCfg = Debug|Any CPU
		{7B617212-4327-44FF-8CDC-92299CE25281}.Debug|Any CPU.Build.0 = Debug|Any CPU
		{7B617212-4327-44FF-8CDC-92299CE25281}.Release|Any CPU.ActiveCfg = Release|Any CPU
		{7B617212-4327-44FF-8CDC-92299CE25281}.Release|Any CPU.Build.0 = Release|Any CPU
	EndGlobalSection
	GlobalSection(SolutionProperties) = preSolution
		HideSolutionNode = FALSE
	EndGlobalSection
	GlobalSection(ExtensibilityGlobals) = postSolution
		SolutionGuid = {0BDAA8D4-8DB4-4B0C-A87D-E4F9B0390A90}
	EndGlobalSection
EndGlobal
